
Microsoft Visual Studio Solution File, Format Version 12.00
# Visual Studio Version 17
VisualStudioVersion = 17.0.31903.59
MinimumVisualStudioVersion = 10.0.40219.1
Project("{FAE04EC0-301F-11D3-BF4B-00C04F79EFBC}") = "Fina.Api", "Fina.Api\Fina.Api.csproj", "{C879B131-CAA1-41C5-9997-16A08B5E9DBD}"
EndProject
Project("{FAE04EC0-301F-11D3-BF4B-00C04F79EFBC}") = "Fina.Core", "Fina.Core\Fina.Core.csproj", "{3215A495-761A-4AD5-A49A-F8B7CE25FA3F}"
EndProject
Project("{FAE04EC0-301F-11D3-BF4B-00C04F79EFBC}") = "Fina.Web", "Fina.Web\Fina.Web.csproj", "{6BC9AB52-215B-4E96-A2E1-FDD542EAA18E}"
EndProject
Global
	GlobalSection(SolutionConfigurationPlatforms) = preSolution
		Debug|Any CPU = Debug|Any CPU
		Release|Any CPU = Release|Any CPU
	EndGlobalSection
	GlobalSection(SolutionProperties) = preSolution
		HideSolutionNode = FALSE
	EndGlobalSection
	GlobalSection(ProjectConfigurationPlatforms) = postSolution
		{C879B131-CAA1-41C5-9997-16A08B5E9DBD}.Debug|Any CPU.ActiveCfg = Debug|Any CPU
		{C879B131-CAA1-41C5-9997-16A08B5E9DBD}.Debug|Any CPU.Build.0 = Debug|Any CPU
		{C879B131-CAA1-41C5-9997-16A08B5E9DBD}.Release|Any CPU.ActiveCfg = Release|Any CPU
		{C879B131-CAA1-41C5-9997-16A08B5E9DBD}.Release|Any CPU.Build.0 = Release|Any CPU
		{3215A495-761A-4AD5-A49A-F8B7CE25FA3F}.Debug|Any CPU.ActiveCfg = Debug|Any CPU
		{3215A495-761A-4AD5-A49A-F8B7CE25FA3F}.Debug|Any CPU.Build.0 = Debug|Any CPU
		{3215A495-761A-4AD5-A49A-F8B7CE25FA3F}.Release|Any CPU.ActiveCfg = Release|Any CPU
		{3215A495-761A-4AD5-A49A-F8B7CE25FA3F}.Release|Any CPU.Build.0 = Release|Any CPU
		{6BC9AB52-215B-4E96-A2E1-FDD542EAA18E}.Debug|Any CPU.ActiveCfg = Debug|Any CPU
		{6BC9AB52-215B-4E96-A2E1-FDD542EAA18E}.Debug|Any CPU.Build.0 = Debug|Any CPU
		{6BC9AB52-215B-4E96-A2E1-FDD542EAA18E}.Release|Any CPU.ActiveCfg = Release|Any CPU
		{6BC9AB52-215B-4E96-A2E1-FDD542EAA18E}.Release|Any CPU.Build.0 = Release|Any CPU
	EndGlobalSection
EndGlobal
